
Microsoft Visual Studio Solution File, Format Version 12.00
# Visual Studio 15
VisualStudioVersion = 15.0.27428.2043
MinimumVisualStudioVersion = 10.0.40219.1
Project("{9A19103F-16F7-4668-BE54-9A1E7A4F7556}") = "Fan.WebConsole", "Fan.WebConsole\Fan.WebConsole.csproj", "{7979B115-BE6B-421D-8E3A-C5F1FD3F95BF}"
EndProject
Project("{9A19103F-16F7-4668-BE54-9A1E7A4F7556}") = "Fan.Interface", "Fan.Interface\Fan.Interface.csproj", "{632B3D05-812A-4EE5-9BAF-CD62FB1F9DDA}"
EndProject
Project("{9A19103F-16F7-4668-BE54-9A1E7A4F7556}") = "Fan.Addins", "Fan.Addins\Fan.Addins.csproj", "{2898931B-5421-417A-9EF1-779DF7DD220F}"
EndProject
Project("{FAE04EC0-301F-11D3-BF4B-00C04F79EFBC}") = "Fan.Client", "Fan.Client\Fan.Client.csproj", "{F56F92E4-67B8-42C0-B321-A52F9EB143B3}"
EndProject
Global
	GlobalSection(SolutionConfigurationPlatforms) = preSolution
		Debug|Any CPU = Debug|Any CPU
		Release|Any CPU = Release|Any CPU
	EndGlobalSection
	GlobalSection(ProjectConfigurationPlatforms) = postSolution
		{7979B115-BE6B-421D-8E3A-C5F1FD3F95BF}.Debug|Any CPU.ActiveCfg = Debug|Any CPU
		{7979B115-BE6B-421D-8E3A-C5F1FD3F95BF}.Debug|Any CPU.Build.0 = Debug|Any CPU
		{7979B115-BE6B-421D-8E3A-C5F1FD3F95BF}.Release|Any CPU.ActiveCfg = Release|Any CPU
		{7979B115-BE6B-421D-8E3A-C5F1FD3F95BF}.Release|Any CPU.Build.0 = Release|Any CPU
		{632B3D05-812A-4EE5-9BAF-CD62FB1F9DDA}.Debug|Any CPU.ActiveCfg = Debug|Any CPU
		{632B3D05-812A-4EE5-9BAF-CD62FB1F9DDA}.Debug|Any CPU.Build.0 = Debug|Any CPU
		{632B3D05-812A-4EE5-9BAF-CD62FB1F9DDA}.Release|Any CPU.ActiveCfg = Release|Any CPU
		{632B3D05-812A-4EE5-9BAF-CD62FB1F9DDA}.Release|Any CPU.Build.0 = Release|Any CPU
		{2898931B-5421-417A-9EF1-779DF7DD220F}.Debug|Any CPU.ActiveCfg = Debug|Any CPU
		{2898931B-5421-417A-9EF1-779DF7DD220F}.Debug|Any CPU.Build.0 = Debug|Any CPU
		{2898931B-5421-417A-9EF1-779DF7DD220F}.Release|Any CPU.ActiveCfg = Release|Any CPU
		{2898931B-5421-417A-9EF1-779DF7DD220F}.Release|Any CPU.Build.0 = Release|Any CPU
		{F56F92E4-67B8-42C0-B321-A52F9EB143B3}.Debug|Any CPU.ActiveCfg = Debug|Any CPU
		{F56F92E4-67B8-42C0-B321-A52F9EB143B3}.Debug|Any CPU.Build.0 = Debug|Any CPU
		{F56F92E4-67B8-42C0-B321-A52F9EB143B3}.Release|Any CPU.ActiveCfg = Release|Any CPU
		{F56F92E4-67B8-42C0-B321-A52F9EB143B3}.Release|Any CPU.Build.0 = Release|Any CPU
	EndGlobalSection
	GlobalSection(SolutionProperties) = preSolution
		HideSolutionNode = FALSE
	EndGlobalSection
	GlobalSection(ExtensibilityGlobals) = postSolution
		SolutionGuid = {27D24F7B-B37F-4070-9107-EA9037949617}
	EndGlobalSection
EndGlobal
